// !$*UTF8*$!
{
	archiveVersion = 1;
	classes = {
	};
	objectVersion = 50;
	objects = {

/* Begin PBXBuildFile section */
		C3ED90FC26EB90AC00E5CA6E /* AppDelegate.swift in Sources */ = {isa = PBXBuildFile; fileRef = C3ED90FB26EB90AC00E5CA6E /* AppDelegate.swift */; };
		C3ED90FE26EB90AC00E5CA6E /* SceneDelegate.swift in Sources */ = {isa = PBXBuildFile; fileRef = C3ED90FD26EB90AC00E5CA6E /* SceneDelegate.swift */; };
		C3ED910026EB90AC00E5CA6E /* MeteoViewController.swift in Sources */ = {isa = PBXBuildFile; fileRef = C3ED90FF26EB90AC00E5CA6E /* MeteoViewController.swift */; };
		C3ED910326EB90AC00E5CA6E /* Main.storyboard in Resources */ = {isa = PBXBuildFile; fileRef = C3ED910126EB90AC00E5CA6E /* Main.storyboard */; };
		C3ED910526EB90AC00E5CA6E /* Assets.xcassets in Resources */ = {isa = PBXBuildFile; fileRef = C3ED910426EB90AC00E5CA6E /* Assets.xcassets */; };
		C3ED910826EB90AC00E5CA6E /* LaunchScreen.storyboard in Resources */ = {isa = PBXBuildFile; fileRef = C3ED910626EB90AC00E5CA6E /* LaunchScreen.storyboard */; };
		C3ED911626EB916400E5CA6E /* ApiKeys.swift in Sources */ = {isa = PBXBuildFile; fileRef = C3ED911526EB916400E5CA6E /* ApiKeys.swift */; };
		C3ED911826EB956500E5CA6E /* URLSession+GenericCall.swift in Sources */ = {isa = PBXBuildFile; fileRef = C3ED911726EB956500E5CA6E /* URLSession+GenericCall.swift */; };
		C3ED911B26EB95C800E5CA6E /* NetworkError.swift in Sources */ = {isa = PBXBuildFile; fileRef = C3ED911A26EB95C800E5CA6E /* NetworkError.swift */; };
		C3ED911D26EB960300E5CA6E /* NetworkLogger.swift in Sources */ = {isa = PBXBuildFile; fileRef = C3ED911C26EB960300E5CA6E /* NetworkLogger.swift */; };
		C3ED912126EB96D900E5CA6E /* UrlEncodable.swift in Sources */ = {isa = PBXBuildFile; fileRef = C3ED912026EB96D900E5CA6E /* UrlEncodable.swift */; };
		C3ED912426EB99D600E5CA6E /* Meteo.swift in Sources */ = {isa = PBXBuildFile; fileRef = C3ED912326EB99D600E5CA6E /* Meteo.swift */; };
		C3ED912626EB9A4200E5CA6E /* MeteoService.swift in Sources */ = {isa = PBXBuildFile; fileRef = C3ED912526EB9A4200E5CA6E /* MeteoService.swift */; };
		C3ED912826EB9C1A00E5CA6E /* UIImageView.swift in Sources */ = {isa = PBXBuildFile; fileRef = C3ED912726EB9C1A00E5CA6E /* UIImageView.swift */; };
		C3ED912A26EB9C4B00E5CA6E /* UIViewController+Alert.swift in Sources */ = {isa = PBXBuildFile; fileRef = C3ED912926EB9C4B00E5CA6E /* UIViewController+Alert.swift */; };
		C3ED912C26EB9D9A00E5CA6E /* UIViewController+DismissKeyboard.swift in Sources */ = {isa = PBXBuildFile; fileRef = C3ED912B26EB9D9A00E5CA6E /* UIViewController+DismissKeyboard.swift */; };
		C3ED912E26EB9E2500E5CA6E /* CurrencyViewController.swift in Sources */ = {isa = PBXBuildFile; fileRef = C3ED912D26EB9E2500E5CA6E /* CurrencyViewController.swift */; };
		C3ED913126EB9F0500E5CA6E /* CurrencyService.swift in Sources */ = {isa = PBXBuildFile; fileRef = C3ED913026EB9F0500E5CA6E /* CurrencyService.swift */; };
		C3ED913326EB9F1100E5CA6E /* Currency.swift in Sources */ = {isa = PBXBuildFile; fileRef = C3ED913226EB9F1100E5CA6E /* Currency.swift */; };
		C3ED913626EBACD900E5CA6E /* GoogleTranslation.swift in Sources */ = {isa = PBXBuildFile; fileRef = C3ED913526EBACD900E5CA6E /* GoogleTranslation.swift */; };
		C3ED913826EBACF900E5CA6E /* TranslationService.swift in Sources */ = {isa = PBXBuildFile; fileRef = C3ED913726EBACF900E5CA6E /* TranslationService.swift */; };
		C3ED913A26EBAD8200E5CA6E /* TranslationViewController.swift in Sources */ = {isa = PBXBuildFile; fileRef = C3ED913926EBAD8200E5CA6E /* TranslationViewController.swift */; };
		C3ED913C26EBAE3300E5CA6E /* UITextView.swift in Sources */ = {isa = PBXBuildFile; fileRef = C3ED913B26EBAE3300E5CA6E /* UITextView.swift */; };
		C3ED914426EBB1CA00E5CA6E /* MeteoServiceTests.swift in Sources */ = {isa = PBXBuildFile; fileRef = C3ED914326EBB1CA00E5CA6E /* MeteoServiceTests.swift */; };
		C3ED914D26EBB25E00E5CA6E /* GoogleTranslation.json in Resources */ = {isa = PBXBuildFile; fileRef = C3ED914C26EBB25E00E5CA6E /* GoogleTranslation.json */; };
		C3ED914F26EBB27F00E5CA6E /* Meteo.json in Resources */ = {isa = PBXBuildFile; fileRef = C3ED914E26EBB27F00E5CA6E /* Meteo.json */; };
		C3ED915126EBB29D00E5CA6E /* Currency.json in Resources */ = {isa = PBXBuildFile; fileRef = C3ED915026EBB29D00E5CA6E /* Currency.json */; };
		C3ED915326EBB2BA00E5CA6E /* CurrencyList.json in Resources */ = {isa = PBXBuildFile; fileRef = C3ED915226EBB2BA00E5CA6E /* CurrencyList.json */; };
		C3ED915526EBB32900E5CA6E /* URLProtocolFake.swift in Sources */ = {isa = PBXBuildFile; fileRef = C3ED915426EBB32900E5CA6E /* URLProtocolFake.swift */; };
		C3ED915726EBB37A00E5CA6E /* FakeResponseData.swift in Sources */ = {isa = PBXBuildFile; fileRef = C3ED915626EBB37A00E5CA6E /* FakeResponseData.swift */; };
		C3ED915926EBB39A00E5CA6E /* InfoForFakeResponseData.swift in Sources */ = {isa = PBXBuildFile; fileRef = C3ED915826EBB39A00E5CA6E /* InfoForFakeResponseData.swift */; };
		C3ED915D26EBB62E00E5CA6E /* CurrencyServiceTests.swift in Sources */ = {isa = PBXBuildFile; fileRef = C3ED915C26EBB62E00E5CA6E /* CurrencyServiceTests.swift */; };
		C3ED915F26EBB7ED00E5CA6E /* TranslationServiceTests.swift in Sources */ = {isa = PBXBuildFile; fileRef = C3ED915E26EBB7ED00E5CA6E /* TranslationServiceTests.swift */; };
		C3ED916126EF542000E5CA6E /* Double.swift in Sources */ = {isa = PBXBuildFile; fileRef = C3ED916026EF542000E5CA6E /* Double.swift */; };
		C3ED916326EF547400E5CA6E /* CurrencyError.swift in Sources */ = {isa = PBXBuildFile; fileRef = C3ED916226EF547400E5CA6E /* CurrencyError.swift */; };
		C3ED916526EF6D2100E5CA6E /* UIViewController+Formatting.swift in Sources */ = {isa = PBXBuildFile; fileRef = C3ED916426EF6D2100E5CA6E /* UIViewController+Formatting.swift */; };
		C3ED916726EF6FEE00E5CA6E /* UIColor.swift in Sources */ = {isa = PBXBuildFile; fileRef = C3ED916626EF6FEE00E5CA6E /* UIColor.swift */; };
/* End PBXBuildFile section */

/* Begin PBXContainerItemProxy section */
		C3ED914626EBB1CA00E5CA6E /* PBXContainerItemProxy */ = {
			isa = PBXContainerItemProxy;
			containerPortal = C3ED90F026EB90AC00E5CA6E /* Project object */;
			proxyType = 1;
			remoteGlobalIDString = C3ED90F726EB90AC00E5CA6E;
			remoteInfo = LeBaluchon;
		};
/* End PBXContainerItemProxy section */

/* Begin PBXFileReference section */
		C3ED90F826EB90AC00E5CA6E /* LeBaluchon.app */ = {isa = PBXFileReference; explicitFileType = wrapper.application; includeInIndex = 0; path = LeBaluchon.app; sourceTree = BUILT_PRODUCTS_DIR; };
		C3ED90FB26EB90AC00E5CA6E /* AppDelegate.swift */ = {isa = PBXFileReference; lastKnownFileType = sourcecode.swift; path = AppDelegate.swift; sourceTree = "<group>"; };
		C3ED90FD26EB90AC00E5CA6E /* SceneDelegate.swift */ = {isa = PBXFileReference; lastKnownFileType = sourcecode.swift; path = SceneDelegate.swift; sourceTree = "<group>"; };
		C3ED90FF26EB90AC00E5CA6E /* MeteoViewController.swift */ = {isa = PBXFileReference; lastKnownFileType = sourcecode.swift; path = MeteoViewController.swift; sourceTree = "<group>"; };
		C3ED910226EB90AC00E5CA6E /* Base */ = {isa = PBXFileReference; lastKnownFileType = file.storyboard; name = Base; path = Base.lproj/Main.storyboard; sourceTree = "<group>"; };
		C3ED910426EB90AC00E5CA6E /* Assets.xcassets */ = {isa = PBXFileReference; lastKnownFileType = folder.assetcatalog; path = Assets.xcassets; sourceTree = "<group>"; };
		C3ED910726EB90AC00E5CA6E /* Base */ = {isa = PBXFileReference; lastKnownFileType = file.storyboard; name = Base; path = Base.lproj/LaunchScreen.storyboard; sourceTree = "<group>"; };
		C3ED910926EB90AC00E5CA6E /* Info.plist */ = {isa = PBXFileReference; lastKnownFileType = text.plist.xml; path = Info.plist; sourceTree = "<group>"; };
		C3ED911526EB916400E5CA6E /* ApiKeys.swift */ = {isa = PBXFileReference; lastKnownFileType = sourcecode.swift; path = ApiKeys.swift; sourceTree = "<group>"; };
		C3ED911726EB956500E5CA6E /* URLSession+GenericCall.swift */ = {isa = PBXFileReference; lastKnownFileType = sourcecode.swift; path = "URLSession+GenericCall.swift"; sourceTree = "<group>"; };
		C3ED911A26EB95C800E5CA6E /* NetworkError.swift */ = {isa = PBXFileReference; lastKnownFileType = sourcecode.swift; path = NetworkError.swift; sourceTree = "<group>"; };
		C3ED911C26EB960300E5CA6E /* NetworkLogger.swift */ = {isa = PBXFileReference; lastKnownFileType = sourcecode.swift; path = NetworkLogger.swift; sourceTree = "<group>"; };
		C3ED912026EB96D900E5CA6E /* UrlEncodable.swift */ = {isa = PBXFileReference; lastKnownFileType = sourcecode.swift; path = UrlEncodable.swift; sourceTree = "<group>"; };
		C3ED912326EB99D600E5CA6E /* Meteo.swift */ = {isa = PBXFileReference; lastKnownFileType = sourcecode.swift; path = Meteo.swift; sourceTree = "<group>"; };
		C3ED912526EB9A4200E5CA6E /* MeteoService.swift */ = {isa = PBXFileReference; lastKnownFileType = sourcecode.swift; path = MeteoService.swift; sourceTree = "<group>"; };
		C3ED912726EB9C1A00E5CA6E /* UIImageView.swift */ = {isa = PBXFileReference; lastKnownFileType = sourcecode.swift; path = UIImageView.swift; sourceTree = "<group>"; };
		C3ED912926EB9C4B00E5CA6E /* UIViewController+Alert.swift */ = {isa = PBXFileReference; lastKnownFileType = sourcecode.swift; path = "UIViewController+Alert.swift"; sourceTree = "<group>"; };
		C3ED912B26EB9D9A00E5CA6E /* UIViewController+DismissKeyboard.swift */ = {isa = PBXFileReference; lastKnownFileType = sourcecode.swift; path = "UIViewController+DismissKeyboard.swift"; sourceTree = "<group>"; };
		C3ED912D26EB9E2500E5CA6E /* CurrencyViewController.swift */ = {isa = PBXFileReference; lastKnownFileType = sourcecode.swift; path = CurrencyViewController.swift; sourceTree = "<group>"; };
		C3ED913026EB9F0500E5CA6E /* CurrencyService.swift */ = {isa = PBXFileReference; lastKnownFileType = sourcecode.swift; path = CurrencyService.swift; sourceTree = "<group>"; };
		C3ED913226EB9F1100E5CA6E /* Currency.swift */ = {isa = PBXFileReference; lastKnownFileType = sourcecode.swift; path = Currency.swift; sourceTree = "<group>"; };
		C3ED913526EBACD900E5CA6E /* GoogleTranslation.swift */ = {isa = PBXFileReference; lastKnownFileType = sourcecode.swift; path = GoogleTranslation.swift; sourceTree = "<group>"; };
		C3ED913726EBACF900E5CA6E /* TranslationService.swift */ = {isa = PBXFileReference; lastKnownFileType = sourcecode.swift; path = TranslationService.swift; sourceTree = "<group>"; };
		C3ED913926EBAD8200E5CA6E /* TranslationViewController.swift */ = {isa = PBXFileReference; lastKnownFileType = sourcecode.swift; path = TranslationViewController.swift; sourceTree = "<group>"; };
		C3ED913B26EBAE3300E5CA6E /* UITextView.swift */ = {isa = PBXFileReference; lastKnownFileType = sourcecode.swift; path = UITextView.swift; sourceTree = "<group>"; };
		C3ED914126EBB1CA00E5CA6E /* LeBaluchonTests.xctest */ = {isa = PBXFileReference; explicitFileType = wrapper.cfbundle; includeInIndex = 0; path = LeBaluchonTests.xctest; sourceTree = BUILT_PRODUCTS_DIR; };
		C3ED914326EBB1CA00E5CA6E /* MeteoServiceTests.swift */ = {isa = PBXFileReference; lastKnownFileType = sourcecode.swift; path = MeteoServiceTests.swift; sourceTree = "<group>"; };
		C3ED914526EBB1CA00E5CA6E /* Info.plist */ = {isa = PBXFileReference; lastKnownFileType = text.plist.xml; path = Info.plist; sourceTree = "<group>"; };
		C3ED914C26EBB25E00E5CA6E /* GoogleTranslation.json */ = {isa = PBXFileReference; lastKnownFileType = text.json; path = GoogleTranslation.json; sourceTree = "<group>"; };
		C3ED914E26EBB27F00E5CA6E /* Meteo.json */ = {isa = PBXFileReference; lastKnownFileType = text.json; path = Meteo.json; sourceTree = "<group>"; };
		C3ED915026EBB29D00E5CA6E /* Currency.json */ = {isa = PBXFileReference; lastKnownFileType = text.json; path = Currency.json; sourceTree = "<group>"; };
		C3ED915226EBB2BA00E5CA6E /* CurrencyList.json */ = {isa = PBXFileReference; lastKnownFileType = text.json; path = CurrencyList.json; sourceTree = "<group>"; };
		C3ED915426EBB32900E5CA6E /* URLProtocolFake.swift */ = {isa = PBXFileReference; lastKnownFileType = sourcecode.swift; path = URLProtocolFake.swift; sourceTree = "<group>"; };
		C3ED915626EBB37A00E5CA6E /* FakeResponseData.swift */ = {isa = PBXFileReference; lastKnownFileType = sourcecode.swift; path = FakeResponseData.swift; sourceTree = "<group>"; };
		C3ED915826EBB39A00E5CA6E /* InfoForFakeResponseData.swift */ = {isa = PBXFileReference; lastKnownFileType = sourcecode.swift; path = InfoForFakeResponseData.swift; sourceTree = "<group>"; };
		C3ED915C26EBB62E00E5CA6E /* CurrencyServiceTests.swift */ = {isa = PBXFileReference; lastKnownFileType = sourcecode.swift; path = CurrencyServiceTests.swift; sourceTree = "<group>"; };
		C3ED915E26EBB7ED00E5CA6E /* TranslationServiceTests.swift */ = {isa = PBXFileReference; lastKnownFileType = sourcecode.swift; path = TranslationServiceTests.swift; sourceTree = "<group>"; };
		C3ED916026EF542000E5CA6E /* Double.swift */ = {isa = PBXFileReference; lastKnownFileType = sourcecode.swift; path = Double.swift; sourceTree = "<group>"; };
		C3ED916226EF547400E5CA6E /* CurrencyError.swift */ = {isa = PBXFileReference; lastKnownFileType = sourcecode.swift; path = CurrencyError.swift; sourceTree = "<group>"; };
		C3ED916426EF6D2100E5CA6E /* UIViewController+Formatting.swift */ = {isa = PBXFileReference; lastKnownFileType = sourcecode.swift; path = "UIViewController+Formatting.swift"; sourceTree = "<group>"; };
		C3ED916626EF6FEE00E5CA6E /* UIColor.swift */ = {isa = PBXFileReference; lastKnownFileType = sourcecode.swift; path = UIColor.swift; sourceTree = "<group>"; };
/* End PBXFileReference section */

/* Begin PBXFrameworksBuildPhase section */
		C3ED90F526EB90AC00E5CA6E /* Frameworks */ = {
			isa = PBXFrameworksBuildPhase;
			buildActionMask = 2147483647;
			files = (
			);
			runOnlyForDeploymentPostprocessing = 0;
		};
		C3ED913E26EBB1CA00E5CA6E /* Frameworks */ = {
			isa = PBXFrameworksBuildPhase;
			buildActionMask = 2147483647;
			files = (
			);
			runOnlyForDeploymentPostprocessing = 0;
		};
/* End PBXFrameworksBuildPhase section */

/* Begin PBXGroup section */
		C3ED90EF26EB90AC00E5CA6E = {
			isa = PBXGroup;
			children = (
				C3ED90FA26EB90AC00E5CA6E /* LeBaluchon */,
				C3ED914226EBB1CA00E5CA6E /* LeBaluchonTests */,
				C3ED90F926EB90AC00E5CA6E /* Products */,
			);
			sourceTree = "<group>";
		};
		C3ED90F926EB90AC00E5CA6E /* Products */ = {
			isa = PBXGroup;
			children = (
				C3ED90F826EB90AC00E5CA6E /* LeBaluchon.app */,
				C3ED914126EBB1CA00E5CA6E /* LeBaluchonTests.xctest */,
			);
			name = Products;
			sourceTree = "<group>";
		};
		C3ED90FA26EB90AC00E5CA6E /* LeBaluchon */ = {
			isa = PBXGroup;
			children = (
				C3ED911426EB90FC00E5CA6E /* Resources */,
				C3ED911326EB90F400E5CA6E /* Extensions */,
				C3ED910F26EB90B800E5CA6E /* Sources */,
				C3ED910926EB90AC00E5CA6E /* Info.plist */,
			);
			path = LeBaluchon;
			sourceTree = "<group>";
		};
		C3ED910F26EB90B800E5CA6E /* Sources */ = {
			isa = PBXGroup;
			children = (
				C3ED911226EB90CE00E5CA6E /* View */,
				C3ED911126EB90C500E5CA6E /* Controller */,
				C3ED911026EB90BF00E5CA6E /* Model */,
			);
			path = Sources;
			sourceTree = "<group>";
		};
		C3ED911026EB90BF00E5CA6E /* Model */ = {
			isa = PBXGroup;
			children = (
				C3ED913426EBAC9D00E5CA6E /* Translation */,
				C3ED912F26EB9EF300E5CA6E /* Currency */,
				C3ED912226EB99B700E5CA6E /* Meteo */,
				C3ED911926EB95A900E5CA6E /* Network */,
			);
			path = Model;
			sourceTree = "<group>";
		};
		C3ED911126EB90C500E5CA6E /* Controller */ = {
			isa = PBXGroup;
			children = (
				C3ED90FF26EB90AC00E5CA6E /* MeteoViewController.swift */,
				C3ED912D26EB9E2500E5CA6E /* CurrencyViewController.swift */,
				C3ED913926EBAD8200E5CA6E /* TranslationViewController.swift */,
			);
			path = Controller;
			sourceTree = "<group>";
		};
		C3ED911226EB90CE00E5CA6E /* View */ = {
			isa = PBXGroup;
			children = (
				C3ED910626EB90AC00E5CA6E /* LaunchScreen.storyboard */,
				C3ED910126EB90AC00E5CA6E /* Main.storyboard */,
			);
			path = View;
			sourceTree = "<group>";
		};
		C3ED911326EB90F400E5CA6E /* Extensions */ = {
			isa = PBXGroup;
			children = (
				C3ED911726EB956500E5CA6E /* URLSession+GenericCall.swift */,
				C3ED916026EF542000E5CA6E /* Double.swift */,
				C3ED913B26EBAE3300E5CA6E /* UITextView.swift */,
				C3ED912926EB9C4B00E5CA6E /* UIViewController+Alert.swift */,
				C3ED916426EF6D2100E5CA6E /* UIViewController+Formatting.swift */,
				C3ED912726EB9C1A00E5CA6E /* UIImageView.swift */,
				C3ED916626EF6FEE00E5CA6E /* UIColor.swift */,
				C3ED912B26EB9D9A00E5CA6E /* UIViewController+DismissKeyboard.swift */,
				C3ED912026EB96D900E5CA6E /* UrlEncodable.swift */,
			);
			path = Extensions;
			sourceTree = "<group>";
		};
		C3ED911426EB90FC00E5CA6E /* Resources */ = {
			isa = PBXGroup;
			children = (
				C3ED90FB26EB90AC00E5CA6E /* AppDelegate.swift */,
				C3ED911526EB916400E5CA6E /* ApiKeys.swift */,
				C3ED90FD26EB90AC00E5CA6E /* SceneDelegate.swift */,
				C3ED910426EB90AC00E5CA6E /* Assets.xcassets */,
			);
			path = Resources;
			sourceTree = "<group>";
		};
		C3ED911926EB95A900E5CA6E /* Network */ = {
			isa = PBXGroup;
			children = (
				C3ED911A26EB95C800E5CA6E /* NetworkError.swift */,
				C3ED911C26EB960300E5CA6E /* NetworkLogger.swift */,
			);
			path = Network;
			sourceTree = "<group>";
		};
		C3ED912226EB99B700E5CA6E /* Meteo */ = {
			isa = PBXGroup;
			children = (
				C3ED912326EB99D600E5CA6E /* Meteo.swift */,
				C3ED912526EB9A4200E5CA6E /* MeteoService.swift */,
			);
			path = Meteo;
			sourceTree = "<group>";
		};
		C3ED912F26EB9EF300E5CA6E /* Currency */ = {
			isa = PBXGroup;
			children = (
				C3ED913026EB9F0500E5CA6E /* CurrencyService.swift */,
				C3ED913226EB9F1100E5CA6E /* Currency.swift */,
				C3ED916226EF547400E5CA6E /* CurrencyError.swift */,
			);
			path = Currency;
			sourceTree = "<group>";
		};
		C3ED913426EBAC9D00E5CA6E /* Translation */ = {
			isa = PBXGroup;
			children = (
				C3ED913526EBACD900E5CA6E /* GoogleTranslation.swift */,
				C3ED913726EBACF900E5CA6E /* TranslationService.swift */,
			);
			path = Translation;
			sourceTree = "<group>";
		};
		C3ED914226EBB1CA00E5CA6E /* LeBaluchonTests */ = {
			isa = PBXGroup;
			children = (
				C3ED915A26EBB55700E5CA6E /* Sources */,
				C3ED914B26EBB22700E5CA6E /* Helpers */,
				C3ED914526EBB1CA00E5CA6E /* Info.plist */,
			);
			path = LeBaluchonTests;
			sourceTree = "<group>";
		};
		C3ED914B26EBB22700E5CA6E /* Helpers */ = {
			isa = PBXGroup;
			children = (
				C3ED914C26EBB25E00E5CA6E /* GoogleTranslation.json */,
				C3ED914E26EBB27F00E5CA6E /* Meteo.json */,
				C3ED915026EBB29D00E5CA6E /* Currency.json */,
				C3ED915226EBB2BA00E5CA6E /* CurrencyList.json */,
				C3ED915426EBB32900E5CA6E /* URLProtocolFake.swift */,
				C3ED915626EBB37A00E5CA6E /* FakeResponseData.swift */,
				C3ED915826EBB39A00E5CA6E /* InfoForFakeResponseData.swift */,
			);
			path = Helpers;
			sourceTree = "<group>";
		};
		C3ED915A26EBB55700E5CA6E /* Sources */ = {
			isa = PBXGroup;
			children = (
				C3ED915B26EBB56500E5CA6E /* Model */,
			);
			path = Sources;
			sourceTree = "<group>";
		};
		C3ED915B26EBB56500E5CA6E /* Model */ = {
			isa = PBXGroup;
			children = (
				C3ED914326EBB1CA00E5CA6E /* MeteoServiceTests.swift */,
				C3ED915C26EBB62E00E5CA6E /* CurrencyServiceTests.swift */,
				C3ED915E26EBB7ED00E5CA6E /* TranslationServiceTests.swift */,
			);
			path = Model;
			sourceTree = "<group>";
		};
/* End PBXGroup section */

/* Begin PBXNativeTarget section */
		C3ED90F726EB90AC00E5CA6E /* LeBaluchon */ = {
			isa = PBXNativeTarget;
			buildConfigurationList = C3ED910C26EB90AC00E5CA6E /* Build configuration list for PBXNativeTarget "LeBaluchon" */;
			buildPhases = (
				C3ED90F426EB90AC00E5CA6E /* Sources */,
				C3ED90F526EB90AC00E5CA6E /* Frameworks */,
				C3ED90F626EB90AC00E5CA6E /* Resources */,
			);
			buildRules = (
			);
			dependencies = (
			);
			name = LeBaluchon;
			productName = LeBaluchon;
			productReference = C3ED90F826EB90AC00E5CA6E /* LeBaluchon.app */;
			productType = "com.apple.product-type.application";
		};
		C3ED914026EBB1CA00E5CA6E /* LeBaluchonTests */ = {
			isa = PBXNativeTarget;
			buildConfigurationList = C3ED914826EBB1CA00E5CA6E /* Build configuration list for PBXNativeTarget "LeBaluchonTests" */;
			buildPhases = (
				C3ED913D26EBB1CA00E5CA6E /* Sources */,
				C3ED913E26EBB1CA00E5CA6E /* Frameworks */,
				C3ED913F26EBB1CA00E5CA6E /* Resources */,
			);
			buildRules = (
			);
			dependencies = (
				C3ED914726EBB1CA00E5CA6E /* PBXTargetDependency */,
			);
			name = LeBaluchonTests;
			productName = LeBaluchonTests;
			productReference = C3ED914126EBB1CA00E5CA6E /* LeBaluchonTests.xctest */;
			productType = "com.apple.product-type.bundle.unit-test";
		};
/* End PBXNativeTarget section */

/* Begin PBXProject section */
		C3ED90F026EB90AC00E5CA6E /* Project object */ = {
			isa = PBXProject;
			attributes = {
				LastSwiftUpdateCheck = 1250;
				LastUpgradeCheck = 1250;
				TargetAttributes = {
					C3ED90F726EB90AC00E5CA6E = {
						CreatedOnToolsVersion = 12.5.1;
					};
					C3ED914026EBB1CA00E5CA6E = {
						CreatedOnToolsVersion = 12.5.1;
						TestTargetID = C3ED90F726EB90AC00E5CA6E;
					};
				};
			};
			buildConfigurationList = C3ED90F326EB90AC00E5CA6E /* Build configuration list for PBXProject "LeBaluchon" */;
			compatibilityVersion = "Xcode 9.3";
			developmentRegion = en;
			hasScannedForEncodings = 0;
			knownRegions = (
				en,
				Base,
			);
			mainGroup = C3ED90EF26EB90AC00E5CA6E;
			productRefGroup = C3ED90F926EB90AC00E5CA6E /* Products */;
			projectDirPath = "";
			projectRoot = "";
			targets = (
				C3ED90F726EB90AC00E5CA6E /* LeBaluchon */,
				C3ED914026EBB1CA00E5CA6E /* LeBaluchonTests */,
			);
		};
/* End PBXProject section */

/* Begin PBXResourcesBuildPhase section */
		C3ED90F626EB90AC00E5CA6E /* Resources */ = {
			isa = PBXResourcesBuildPhase;
			buildActionMask = 2147483647;
			files = (
				C3ED910826EB90AC00E5CA6E /* LaunchScreen.storyboard in Resources */,
				C3ED910526EB90AC00E5CA6E /* Assets.xcassets in Resources */,
				C3ED910326EB90AC00E5CA6E /* Main.storyboard in Resources */,
			);
			runOnlyForDeploymentPostprocessing = 0;
		};
		C3ED913F26EBB1CA00E5CA6E /* Resources */ = {
			isa = PBXResourcesBuildPhase;
			buildActionMask = 2147483647;
			files = (
				C3ED915326EBB2BA00E5CA6E /* CurrencyList.json in Resources */,
				C3ED915126EBB29D00E5CA6E /* Currency.json in Resources */,
				C3ED914F26EBB27F00E5CA6E /* Meteo.json in Resources */,
				C3ED914D26EBB25E00E5CA6E /* GoogleTranslation.json in Resources */,
			);
			runOnlyForDeploymentPostprocessing = 0;
		};
/* End PBXResourcesBuildPhase section */

/* Begin PBXSourcesBuildPhase section */
		C3ED90F426EB90AC00E5CA6E /* Sources */ = {
			isa = PBXSourcesBuildPhase;
			buildActionMask = 2147483647;
			files = (
				C3ED911D26EB960300E5CA6E /* NetworkLogger.swift in Sources */,
				C3ED910026EB90AC00E5CA6E /* MeteoViewController.swift in Sources */,
				C3ED912626EB9A4200E5CA6E /* MeteoService.swift in Sources */,
				C3ED912A26EB9C4B00E5CA6E /* UIViewController+Alert.swift in Sources */,
				C3ED913A26EBAD8200E5CA6E /* TranslationViewController.swift in Sources */,
				C3ED912E26EB9E2500E5CA6E /* CurrencyViewController.swift in Sources */,
				C3ED90FC26EB90AC00E5CA6E /* AppDelegate.swift in Sources */,
				C3ED913C26EBAE3300E5CA6E /* UITextView.swift in Sources */,
				C3ED912826EB9C1A00E5CA6E /* UIImageView.swift in Sources */,
				C3ED913826EBACF900E5CA6E /* TranslationService.swift in Sources */,
				C3ED911626EB916400E5CA6E /* ApiKeys.swift in Sources */,
				C3ED912426EB99D600E5CA6E /* Meteo.swift in Sources */,
				C3ED916326EF547400E5CA6E /* CurrencyError.swift in Sources */,
				C3ED916726EF6FEE00E5CA6E /* UIColor.swift in Sources */,
				C3ED912126EB96D900E5CA6E /* UrlEncodable.swift in Sources */,
				C3ED911B26EB95C800E5CA6E /* NetworkError.swift in Sources */,
				C3ED913126EB9F0500E5CA6E /* CurrencyService.swift in Sources */,
				C3ED913326EB9F1100E5CA6E /* Currency.swift in Sources */,
				C3ED911826EB956500E5CA6E /* URLSession+GenericCall.swift in Sources */,
				C3ED912C26EB9D9A00E5CA6E /* UIViewController+DismissKeyboard.swift in Sources */,
				C3ED913626EBACD900E5CA6E /* GoogleTranslation.swift in Sources */,
				C3ED916526EF6D2100E5CA6E /* UIViewController+Formatting.swift in Sources */,
				C3ED916126EF542000E5CA6E /* Double.swift in Sources */,
				C3ED90FE26EB90AC00E5CA6E /* SceneDelegate.swift in Sources */,
			);
			runOnlyForDeploymentPostprocessing = 0;
		};
		C3ED913D26EBB1CA00E5CA6E /* Sources */ = {
			isa = PBXSourcesBuildPhase;
			buildActionMask = 2147483647;
			files = (
				C3ED915D26EBB62E00E5CA6E /* CurrencyServiceTests.swift in Sources */,
				C3ED915F26EBB7ED00E5CA6E /* TranslationServiceTests.swift in Sources */,
				C3ED915526EBB32900E5CA6E /* URLProtocolFake.swift in Sources */,
				C3ED914426EBB1CA00E5CA6E /* MeteoServiceTests.swift in Sources */,
				C3ED915726EBB37A00E5CA6E /* FakeResponseData.swift in Sources */,
				C3ED915926EBB39A00E5CA6E /* InfoForFakeResponseData.swift in Sources */,
			);
			runOnlyForDeploymentPostprocessing = 0;
		};
/* End PBXSourcesBuildPhase section */

/* Begin PBXTargetDependency section */
		C3ED914726EBB1CA00E5CA6E /* PBXTargetDependency */ = {
			isa = PBXTargetDependency;
			target = C3ED90F726EB90AC00E5CA6E /* LeBaluchon */;
			targetProxy = C3ED914626EBB1CA00E5CA6E /* PBXContainerItemProxy */;
		};
/* End PBXTargetDependency section */

/* Begin PBXVariantGroup section */
		C3ED910126EB90AC00E5CA6E /* Main.storyboard */ = {
			isa = PBXVariantGroup;
			children = (
				C3ED910226EB90AC00E5CA6E /* Base */,
			);
			name = Main.storyboard;
			sourceTree = "<group>";
		};
		C3ED910626EB90AC00E5CA6E /* LaunchScreen.storyboard */ = {
			isa = PBXVariantGroup;
			children = (
				C3ED910726EB90AC00E5CA6E /* Base */,
			);
			name = LaunchScreen.storyboard;
			sourceTree = "<group>";
		};
/* End PBXVariantGroup section */

/* Begin XCBuildConfiguration section */
		C3ED910A26EB90AC00E5CA6E /* Debug */ = {
			isa = XCBuildConfiguration;
			buildSettings = {
				ALWAYS_SEARCH_USER_PATHS = NO;
				CLANG_ANALYZER_NONNULL = YES;
				CLANG_ANALYZER_NUMBER_OBJECT_CONVERSION = YES_AGGRESSIVE;
				CLANG_CXX_LANGUAGE_STANDARD = "gnu++14";
				CLANG_CXX_LIBRARY = "libc++";
				CLANG_ENABLE_MODULES = YES;
				CLANG_ENABLE_OBJC_ARC = YES;
				CLANG_ENABLE_OBJC_WEAK = YES;
				CLANG_WARN_BLOCK_CAPTURE_AUTORELEASING = YES;
				CLANG_WARN_BOOL_CONVERSION = YES;
				CLANG_WARN_COMMA = YES;
				CLANG_WARN_CONSTANT_CONVERSION = YES;
				CLANG_WARN_DEPRECATED_OBJC_IMPLEMENTATIONS = YES;
				CLANG_WARN_DIRECT_OBJC_ISA_USAGE = YES_ERROR;
				CLANG_WARN_DOCUMENTATION_COMMENTS = YES;
				CLANG_WARN_EMPTY_BODY = YES;
				CLANG_WARN_ENUM_CONVERSION = YES;
				CLANG_WARN_INFINITE_RECURSION = YES;
				CLANG_WARN_INT_CONVERSION = YES;
				CLANG_WARN_NON_LITERAL_NULL_CONVERSION = YES;
				CLANG_WARN_OBJC_IMPLICIT_RETAIN_SELF = YES;
				CLANG_WARN_OBJC_LITERAL_CONVERSION = YES;
				CLANG_WARN_OBJC_ROOT_CLASS = YES_ERROR;
				CLANG_WARN_QUOTED_INCLUDE_IN_FRAMEWORK_HEADER = YES;
				CLANG_WARN_RANGE_LOOP_ANALYSIS = YES;
				CLANG_WARN_STRICT_PROTOTYPES = YES;
				CLANG_WARN_SUSPICIOUS_MOVE = YES;
				CLANG_WARN_UNGUARDED_AVAILABILITY = YES_AGGRESSIVE;
				CLANG_WARN_UNREACHABLE_CODE = YES;
				CLANG_WARN__DUPLICATE_METHOD_MATCH = YES;
				COPY_PHASE_STRIP = NO;
				DEBUG_INFORMATION_FORMAT = dwarf;
				ENABLE_STRICT_OBJC_MSGSEND = YES;
				ENABLE_TESTABILITY = YES;
				GCC_C_LANGUAGE_STANDARD = gnu11;
				GCC_DYNAMIC_NO_PIC = NO;
				GCC_NO_COMMON_BLOCKS = YES;
				GCC_OPTIMIZATION_LEVEL = 0;
				GCC_PREPROCESSOR_DEFINITIONS = (
					"DEBUG=1",
					"$(inherited)",
				);
				GCC_WARN_64_TO_32_BIT_CONVERSION = YES;
				GCC_WARN_ABOUT_RETURN_TYPE = YES_ERROR;
				GCC_WARN_UNDECLARED_SELECTOR = YES;
				GCC_WARN_UNINITIALIZED_AUTOS = YES_AGGRESSIVE;
				GCC_WARN_UNUSED_FUNCTION = YES;
				GCC_WARN_UNUSED_VARIABLE = YES;
				IPHONEOS_DEPLOYMENT_TARGET = 14.5;
				MTL_ENABLE_DEBUG_INFO = INCLUDE_SOURCE;
				MTL_FAST_MATH = YES;
				ONLY_ACTIVE_ARCH = YES;
				SDKROOT = iphoneos;
				SWIFT_ACTIVE_COMPILATION_CONDITIONS = DEBUG;
				SWIFT_OPTIMIZATION_LEVEL = "-Onone";
			};
			name = Debug;
		};
		C3ED910B26EB90AC00E5CA6E /* Release */ = {
			isa = XCBuildConfiguration;
			buildSettings = {
				ALWAYS_SEARCH_USER_PATHS = NO;
				CLANG_ANALYZER_NONNULL = YES;
				CLANG_ANALYZER_NUMBER_OBJECT_CONVERSION = YES_AGGRESSIVE;
				CLANG_CXX_LANGUAGE_STANDARD = "gnu++14";
				CLANG_CXX_LIBRARY = "libc++";
				CLANG_ENABLE_MODULES = YES;
				CLANG_ENABLE_OBJC_ARC = YES;
				CLANG_ENABLE_OBJC_WEAK = YES;
				CLANG_WARN_BLOCK_CAPTURE_AUTORELEASING = YES;
				CLANG_WARN_BOOL_CONVERSION = YES;
				CLANG_WARN_COMMA = YES;
				CLANG_WARN_CONSTANT_CONVERSION = YES;
				CLANG_WARN_DEPRECATED_OBJC_IMPLEMENTATIONS = YES;
				CLANG_WARN_DIRECT_OBJC_ISA_USAGE = YES_ERROR;
				CLANG_WARN_DOCUMENTATION_COMMENTS = YES;
				CLANG_WARN_EMPTY_BODY = YES;
				CLANG_WARN_ENUM_CONVERSION = YES;
				CLANG_WARN_INFINITE_RECURSION = YES;
				CLANG_WARN_INT_CONVERSION = YES;
				CLANG_WARN_NON_LITERAL_NULL_CONVERSION = YES;
				CLANG_WARN_OBJC_IMPLICIT_RETAIN_SELF = YES;
				CLANG_WARN_OBJC_LITERAL_CONVERSION = YES;
				CLANG_WARN_OBJC_ROOT_CLASS = YES_ERROR;
				CLANG_WARN_QUOTED_INCLUDE_IN_FRAMEWORK_HEADER = YES;
				CLANG_WARN_RANGE_LOOP_ANALYSIS = YES;
				CLANG_WARN_STRICT_PROTOTYPES = YES;
				CLANG_WARN_SUSPICIOUS_MOVE = YES;
				CLANG_WARN_UNGUARDED_AVAILABILITY = YES_AGGRESSIVE;
				CLANG_WARN_UNREACHABLE_CODE = YES;
				CLANG_WARN__DUPLICATE_METHOD_MATCH = YES;
				COPY_PHASE_STRIP = NO;
				DEBUG_INFORMATION_FORMAT = "dwarf-with-dsym";
				ENABLE_NS_ASSERTIONS = NO;
				ENABLE_STRICT_OBJC_MSGSEND = YES;
				GCC_C_LANGUAGE_STANDARD = gnu11;
				GCC_NO_COMMON_BLOCKS = YES;
				GCC_WARN_64_TO_32_BIT_CONVERSION = YES;
				GCC_WARN_ABOUT_RETURN_TYPE = YES_ERROR;
				GCC_WARN_UNDECLARED_SELECTOR = YES;
				GCC_WARN_UNINITIALIZED_AUTOS = YES_AGGRESSIVE;
				GCC_WARN_UNUSED_FUNCTION = YES;
				GCC_WARN_UNUSED_VARIABLE = YES;
				IPHONEOS_DEPLOYMENT_TARGET = 14.5;
				MTL_ENABLE_DEBUG_INFO = NO;
				MTL_FAST_MATH = YES;
				SDKROOT = iphoneos;
				SWIFT_COMPILATION_MODE = wholemodule;
				SWIFT_OPTIMIZATION_LEVEL = "-O";
				VALIDATE_PRODUCT = YES;
			};
			name = Release;
		};
		C3ED910D26EB90AC00E5CA6E /* Debug */ = {
			isa = XCBuildConfiguration;
			buildSettings = {
				ASSETCATALOG_COMPILER_APPICON_NAME = AppIcon;
				ASSETCATALOG_COMPILER_GLOBAL_ACCENT_COLOR_NAME = AccentColor;
				CODE_SIGN_STYLE = Automatic;
				DEVELOPMENT_TEAM = R5NJZ3S7A7;
				INFOPLIST_FILE = LeBaluchon/Info.plist;
				LD_RUNPATH_SEARCH_PATHS = (
					"$(inherited)",
					"@executable_path/Frameworks",
				);
				PRODUCT_BUNDLE_IDENTIFIER = MaximeRoux.LeBaluchon;
				PRODUCT_NAME = "$(TARGET_NAME)";
				SWIFT_VERSION = 5.0;
				TARGETED_DEVICE_FAMILY = 1;
			};
			name = Debug;
		};
		C3ED910E26EB90AC00E5CA6E /* Release */ = {
			isa = XCBuildConfiguration;
			buildSettings = {
				ASSETCATALOG_COMPILER_APPICON_NAME = AppIcon;
				ASSETCATALOG_COMPILER_GLOBAL_ACCENT_COLOR_NAME = AccentColor;
				CODE_SIGN_STYLE = Automatic;
				DEVELOPMENT_TEAM = R5NJZ3S7A7;
				INFOPLIST_FILE = LeBaluchon/Info.plist;
				LD_RUNPATH_SEARCH_PATHS = (
					"$(inherited)",
					"@executable_path/Frameworks",
				);
				PRODUCT_BUNDLE_IDENTIFIER = MaximeRoux.LeBaluchon;
				PRODUCT_NAME = "$(TARGET_NAME)";
				SWIFT_VERSION = 5.0;
				TARGETED_DEVICE_FAMILY = 1;
			};
			name = Release;
		};
		C3ED914926EBB1CA00E5CA6E /* Debug */ = {
			isa = XCBuildConfiguration;
			buildSettings = {
				BUNDLE_LOADER = "$(TEST_HOST)";
				CODE_SIGN_STYLE = Automatic;
				DEVELOPMENT_TEAM = R5NJZ3S7A7;
				INFOPLIST_FILE = LeBaluchonTests/Info.plist;
				LD_RUNPATH_SEARCH_PATHS = (
					"$(inherited)",
					"@executable_path/Frameworks",
					"@loader_path/Frameworks",
				);
				PRODUCT_BUNDLE_IDENTIFIER = MaximeRoux.LeBaluchonTests;
				PRODUCT_NAME = "$(TARGET_NAME)";
				SWIFT_VERSION = 5.0;
				TARGETED_DEVICE_FAMILY = "1,2";
				TEST_HOST = "$(BUILT_PRODUCTS_DIR)/LeBaluchon.app/LeBaluchon";
			};
			name = Debug;
		};
		C3ED914A26EBB1CA00E5CA6E /* Release */ = {
			isa = XCBuildConfiguration;
			buildSettings = {
				BUNDLE_LOADER = "$(TEST_HOST)";
				CODE_SIGN_STYLE = Automatic;
				DEVELOPMENT_TEAM = R5NJZ3S7A7;
				INFOPLIST_FILE = LeBaluchonTests/Info.plist;
				LD_RUNPATH_SEARCH_PATHS = (
					"$(inherited)",
					"@executable_path/Frameworks",
					"@loader_path/Frameworks",
				);
				PRODUCT_BUNDLE_IDENTIFIER = MaximeRoux.LeBaluchonTests;
				PRODUCT_NAME = "$(TARGET_NAME)";
				SWIFT_VERSION = 5.0;
				TARGETED_DEVICE_FAMILY = "1,2";
				TEST_HOST = "$(BUILT_PRODUCTS_DIR)/LeBaluchon.app/LeBaluchon";
			};
			name = Release;
		};
/* End XCBuildConfiguration section */

/* Begin XCConfigurationList section */
		C3ED90F326EB90AC00E5CA6E /* Build configuration list for PBXProject "LeBaluchon" */ = {
			isa = XCConfigurationList;
			buildConfigurations = (
				C3ED910A26EB90AC00E5CA6E /* Debug */,
				C3ED910B26EB90AC00E5CA6E /* Release */,
			);
			defaultConfigurationIsVisible = 0;
			defaultConfigurationName = Release;
		};
		C3ED910C26EB90AC00E5CA6E /* Build configuration list for PBXNativeTarget "LeBaluchon" */ = {
			isa = XCConfigurationList;
			buildConfigurations = (
				C3ED910D26EB90AC00E5CA6E /* Debug */,
				C3ED910E26EB90AC00E5CA6E /* Release */,
			);
			defaultConfigurationIsVisible = 0;
			defaultConfigurationName = Release;
		};
		C3ED914826EBB1CA00E5CA6E /* Build configuration list for PBXNativeTarget "LeBaluchonTests" */ = {
			isa = XCConfigurationList;
			buildConfigurations = (
				C3ED914926EBB1CA00E5CA6E /* Debug */,
				C3ED914A26EBB1CA00E5CA6E /* Release */,
			);
			defaultConfigurationIsVisible = 0;
			defaultConfigurationName = Release;
		};
/* End XCConfigurationList section */
	};
	rootObject = C3ED90F026EB90AC00E5CA6E /* Project object */;
}
